# Pinned ToolHive release. thv is installed outside Homebrew (ADR-029), so this
# file is the only record of which build is trusted, and `brew upgrade` will
# never move it. script/update-report reports when a newer release exists.
#
# To bump: change version, fetch the new archives, and replace the digests with
# the values published in the release. Verify against the upstream checksums
# rather than computing them from whatever the download happened to return.
version=0.44.0
darwin_arm64=d7274af3d38fd1ddf088ee783411403a9a901d18aa9d3d340c835981dd6daf5e
darwin_amd64=47cb4cec8944190233f5c00f92014a6cd068d70c5440491f6faab7db76c735d6
